
Microsoft Visual Studio Solution File, Format Version 12.00
# Visual Studio Version 17
VisualStudioVersion = 17.7.34009.444
MinimumVisualStudioVersion = 10.0.40219.1
Project("{9A19103F-16F7-4668-BE54-9A1E7A4F7556}") = "master", "master.csproj", "{D3406A6C-2A71-4310-AE14-6DD66AFB5EC2}"
EndProject
Global
	GlobalSection(SolutionConfigurationPlatforms) = preSolution
		Debug|Any CPU = Debug|Any CPU
		Release|Any CPU = Release|Any CPU
	EndGlobalSection
	GlobalSection(ProjectConfigurationPlatforms) = postSolution
		{D3406A6C-2A71-4310-AE14-6DD66AFB5EC2}.Debug|Any CPU.ActiveCfg = Debug|Any CPU
		{D3406A6C-2A71-4310-AE14-6DD66AFB5EC2}.Debug|Any CPU.Build.0 = Debug|Any CPU
		{D3406A6C-2A71-4310-AE14-6DD66AFB5EC2}.Release|Any CPU.ActiveCfg = Release|Any CPU
		{D3406A6C-2A71-4310-AE14-6DD66AFB5EC2}.Release|Any CPU.Build.0 = Release|Any CPU
	EndGlobalSection
	GlobalSection(SolutionProperties) = preSolution
		HideSolutionNode = FALSE
	EndGlobalSection
	GlobalSection(ExtensibilityGlobals) = postSolution
		SolutionGuid = {B8AA4632-4102-4438-B9E1-CF069F7517E3}
	EndGlobalSection
EndGlobal
